
Microsoft Visual Studio Solution File, Format Version 12.00
# Visual Studio Express 2012 for Windows Desktop
Project("{FAE04EC0-301F-11D3-BF4B-00C04F79EFBC}") = "Lopez.Santiago.2C-Libreria", "Lopez.Santiago.2C-Libreria\Lopez.Santiago.2C-Libreria.csproj", "{59A56082-38C3-4617-8DDB-24974B5CCCD5}"
EndProject
Project("{FAE04EC0-301F-11D3-BF4B-00C04F79EFBC}") = "TestEstante", "TestEstante\TestEstante.csproj", "{D2502A6C-9660-426C-B41B-00AB3C2C9B1A}"
EndProject
Project("{FAE04EC0-301F-11D3-BF4B-00C04F79EFBC}") = "FormEstante", "FormEstante\FormEstante.csproj", "{394654BE-23C4-4B35-983B-2F1507B322D4}"
EndProject
Global
	GlobalSection(SolutionConfigurationPlatforms) = preSolution
		Debug|Any CPU = Debug|Any CPU
		Release|Any CPU = Release|Any CPU
	EndGlobalSection
	GlobalSection(ProjectConfigurationPlatforms) = postSolution
		{59A56082-38C3-4617-8DDB-24974B5CCCD5}.Debug|Any CPU.ActiveCfg = Debug|Any CPU
		{59A56082-38C3-4617-8DDB-24974B5CCCD5}.Debug|Any CPU.Build.0 = Debug|Any CPU
		{59A56082-38C3-4617-8DDB-24974B5CCCD5}.Release|Any CPU.ActiveCfg = Release|Any CPU
		{59A56082-38C3-4617-8DDB-24974B5CCCD5}.Release|Any CPU.Build.0 = Release|Any CPU
		{D2502A6C-9660-426C-B41B-00AB3C2C9B1A}.Debug|Any CPU.ActiveCfg = Debug|Any CPU
		{D2502A6C-9660-426C-B41B-00AB3C2C9B1A}.Debug|Any CPU.Build.0 = Debug|Any CPU
		{D2502A6C-9660-426C-B41B-00AB3C2C9B1A}.Release|Any CPU.ActiveCfg = Release|Any CPU
		{D2502A6C-9660-426C-B41B-00AB3C2C9B1A}.Release|Any CPU.Build.0 = Release|Any CPU
		{394654BE-23C4-4B35-983B-2F1507B322D4}.Debug|Any CPU.ActiveCfg = Debug|Any CPU
		{394654BE-23C4-4B35-983B-2F1507B322D4}.Debug|Any CPU.Build.0 = Debug|Any CPU
		{394654BE-23C4-4B35-983B-2F1507B322D4}.Release|Any CPU.ActiveCfg = Release|Any CPU
		{394654BE-23C4-4B35-983B-2F1507B322D4}.Release|Any CPU.Build.0 = Release|Any CPU
	EndGlobalSection
	GlobalSection(SolutionProperties) = preSolution
		HideSolutionNode = FALSE
	EndGlobalSection
EndGlobal
